// !$*UTF8*$!
{
	archiveVersion = 1;
	classes = {
	};
	objectVersion = 46;
	objects = {

/* Begin PBXBuildFile section */
		09EC581817E3B6E1002261C4 /* icon.icns in Resources */ = {isa = PBXBuildFile; fileRef = 09EC581717E3B6E1002261C4 /* icon.icns */; };
		09F65636174041010000486B /* AppKit.framework in Frameworks */ = {isa = PBXBuildFile; fileRef = 09F65635174041010000486B /* AppKit.framework */; };
		09F65638174041010000486B /* Foundation.framework in Frameworks */ = {isa = PBXBuildFile; fileRef = 09F65637174041010000486B /* Foundation.framework */; };
		09F6563E174041010000486B /* InfoPlist.strings in Resources */ = {isa = PBXBuildFile; fileRef = 09F6563C174041010000486B /* InfoPlist.strings */; };
		4C484A961964B7F20017DAD9 /* IDEFoundation.framework in Frameworks */ = {isa = PBXBuildFile; fileRef = 4C484A951964B7F20017DAD9 /* IDEFoundation.framework */; };
		4C484AA51964B8500017DAD9 /* IDEIndex+Lin.m in Sources */ = {isa = PBXBuildFile; fileRef = 4C484A9B1964B8500017DAD9 /* IDEIndex+Lin.m */; };
		4C484AA61964B8500017DAD9 /* IDEWorkspace+Lin.m in Sources */ = {isa = PBXBuildFile; fileRef = 4C484A9F1964B8500017DAD9 /* IDEWorkspace+Lin.m */; };
		4C484AA71964B8500017DAD9 /* MethodSwizzle.m in Sources */ = {isa = PBXBuildFile; fileRef = 4C484AA21964B8500017DAD9 /* MethodSwizzle.m */; };
		4C484AA81964B8500017DAD9 /* RCXcode.m in Sources */ = {isa = PBXBuildFile; fileRef = 4C484AA41964B8500017DAD9 /* RCXcode.m */; };
		4C484AB21964B8D60017DAD9 /* ExtractLocalizationWindowController.m in Sources */ = {isa = PBXBuildFile; fileRef = 4C484AAC1964B8D60017DAD9 /* ExtractLocalizationWindowController.m */; };
		4C484AB31964B8D60017DAD9 /* ExtractLocalization.m in Sources */ = {isa = PBXBuildFile; fileRef = 4C484AAF1964B8D60017DAD9 /* ExtractLocalization.m */; };
		4C484AB41964B8D60017DAD9 /* ExtractLocalizationWindowController.xib in Resources */ = {isa = PBXBuildFile; fileRef = 4C484AB11964B8D60017DAD9 /* ExtractLocalizationWindowController.xib */; };
/* End PBXBuildFile section */

/* Begin PBXFileReference section */
		09EC581717E3B6E1002261C4 /* icon.icns */ = {isa = PBXFileReference; lastKnownFileType = image.icns; path = icon.icns; sourceTree = "<group>"; };
		09F65632174041010000486B /* ExtractLocalization.xcplugin */ = {isa = PBXFileReference; explicitFileType = wrapper.cfbundle; includeInIndex = 0; path = ExtractLocalization.xcplugin; sourceTree = BUILT_PRODUCTS_DIR; };
		09F65635174041010000486B /* AppKit.framework */ = {isa = PBXFileReference; lastKnownFileType = wrapper.framework; name = AppKit.framework; path = System/Library/Frameworks/AppKit.framework; sourceTree = SDKROOT; };
		09F65637174041010000486B /* Foundation.framework */ = {isa = PBXFileReference; lastKnownFileType = wrapper.framework; name = Foundation.framework; path = System/Library/Frameworks/Foundation.framework; sourceTree = SDKROOT; };
		09F6563B174041010000486B /* ExtractLocalization-Info.plist */ = {isa = PBXFileReference; lastKnownFileType = text.plist.xml; path = "ExtractLocalization-Info.plist"; sourceTree = "<group>"; };
		09F6563D174041010000486B /* en */ = {isa = PBXFileReference; lastKnownFileType = text.plist.strings; name = en; path = en.lproj/InfoPlist.strings; sourceTree = "<group>"; };
		09F65642174041010000486B /* ExtractLocalization-Prefix.pch */ = {isa = PBXFileReference; lastKnownFileType = sourcecode.c.h; path = "ExtractLocalization-Prefix.pch"; sourceTree = "<group>"; };
		4C484A951964B7F20017DAD9 /* IDEFoundation.framework */ = {isa = PBXFileReference; lastKnownFileType = wrapper.framework; path = IDEFoundation.framework; sourceTree = "<group>"; };
		4C484A981964B8500017DAD9 /* DVTFilePath.h */ = {isa = PBXFileReference; fileEncoding = 4; lastKnownFileType = sourcecode.c.h; path = DVTFilePath.h; sourceTree = "<group>"; };
		4C484A991964B8500017DAD9 /* IDEEditorDocument.h */ = {isa = PBXFileReference; fileEncoding = 4; lastKnownFileType = sourcecode.c.h; path = IDEEditorDocument.h; sourceTree = "<group>"; };
		4C484A9A1964B8500017DAD9 /* IDEIndex+Lin.h */ = {isa = PBXFileReference; fileEncoding = 4; lastKnownFileType = sourcecode.c.h; path = "IDEIndex+Lin.h"; sourceTree = "<group>"; };
		4C484A9B1964B8500017DAD9 /* IDEIndex+Lin.m */ = {isa = PBXFileReference; fileEncoding = 4; lastKnownFileType = sourcecode.c.objc; path = "IDEIndex+Lin.m"; sourceTree = "<group>"; };
		4C484A9C1964B8500017DAD9 /* IDEIndex.h */ = {isa = PBXFileReference; fileEncoding = 4; lastKnownFileType = sourcecode.c.h; path = IDEIndex.h; sourceTree = "<group>"; };
		4C484A9D1964B8500017DAD9 /* IDEIndexCollection.h */ = {isa = PBXFileReference; fileEncoding = 4; lastKnownFileType = sourcecode.c.h; path = IDEIndexCollection.h; sourceTree = "<group>"; };
		4C484A9E1964B8500017DAD9 /* IDEWorkspace+Lin.h */ = {isa = PBXFileReference; fileEncoding = 4; lastKnownFileType = sourcecode.c.h; path = "IDEWorkspace+Lin.h"; sourceTree = "<group>"; };
		4C484A9F1964B8500017DAD9 /* IDEWorkspace+Lin.m */ = {isa = PBXFileReference; fileEncoding = 4; lastKnownFileType = sourcecode.c.objc; path = "IDEWorkspace+Lin.m"; sourceTree = "<group>"; };
		4C484AA01964B8500017DAD9 /* IDEWorkspace.h */ = {isa = PBXFileReference; fileEncoding = 4; lastKnownFileType = sourcecode.c.h; path = IDEWorkspace.h; sourceTree = "<group>"; };
		4C484AA11964B8500017DAD9 /* MethodSwizzle.h */ = {isa = PBXFileReference; fileEncoding = 4; lastKnownFileType = sourcecode.c.h; path = MethodSwizzle.h; sourceTree = "<group>"; };
		4C484AA21964B8500017DAD9 /* MethodSwizzle.m */ = {isa = PBXFileReference; fileEncoding = 4; lastKnownFileType = sourcecode.c.objc; path = MethodSwizzle.m; sourceTree = "<group>"; };
		4C484AA31964B8500017DAD9 /* RCXcode.h */ = {isa = PBXFileReference; fileEncoding = 4; lastKnownFileType = sourcecode.c.h; path = RCXcode.h; sourceTree = "<group>"; };
		4C484AA41964B8500017DAD9 /* RCXcode.m */ = {isa = PBXFileReference; fileEncoding = 4; lastKnownFileType = sourcecode.c.objc; path = RCXcode.m; sourceTree = "<group>"; };
		4C484AAB1964B8D60017DAD9 /* ExtractLocalizationWindowController.h */ = {isa = PBXFileReference; fileEncoding = 4; lastKnownFileType = sourcecode.c.h; path = ExtractLocalizationWindowController.h; sourceTree = "<group>"; };
		4C484AAC1964B8D60017DAD9 /* ExtractLocalizationWindowController.m */ = {isa = PBXFileReference; fileEncoding = 4; lastKnownFileType = sourcecode.c.objc; path = ExtractLocalizationWindowController.m; sourceTree = "<group>"; };
		4C484AAE1964B8D60017DAD9 /* ExtractLocalization.h */ = {isa = PBXFileReference; fileEncoding = 4; lastKnownFileType = sourcecode.c.h; path = ExtractLocalization.h; sourceTree = "<group>"; };
		4C484AAF1964B8D60017DAD9 /* ExtractLocalization.m */ = {isa = PBXFileReference; fileEncoding = 4; lastKnownFileType = sourcecode.c.objc; path = ExtractLocalization.m; sourceTree = "<group>"; };
		4C484AB11964B8D60017DAD9 /* ExtractLocalizationWindowController.xib */ = {isa = PBXFileReference; fileEncoding = 4; lastKnownFileType = file.xib; path = ExtractLocalizationWindowController.xib; sourceTree = "<group>"; };
/* End PBXFileReference section */

/* Begin PBXFrameworksBuildPhase section */
		09F6562F174041010000486B /* Frameworks */ = {
			isa = PBXFrameworksBuildPhase;
			buildActionMask = 2147483647;
			files = (
				4C484A961964B7F20017DAD9 /* IDEFoundation.framework in Frameworks */,
				09F65636174041010000486B /* AppKit.framework in Frameworks */,
				09F65638174041010000486B /* Foundation.framework in Frameworks */,
			);
			runOnlyForDeploymentPostprocessing = 0;
		};
/* End PBXFrameworksBuildPhase section */

/* Begin PBXGroup section */
		09F65629174041010000486B = {
			isa = PBXGroup;
			children = (
				09F65639174041010000486B /* ExtractLocalization */,
				09F65634174041010000486B /* Frameworks */,
				09F65633174041010000486B /* Products */,
			);
			sourceTree = "<group>";
		};
		09F65633174041010000486B /* Products */ = {
			isa = PBXGroup;
			children = (
				09F65632174041010000486B /* ExtractLocalization.xcplugin */,
			);
			name = Products;
			sourceTree = "<group>";
		};
		09F65634174041010000486B /* Frameworks */ = {
			isa = PBXGroup;
			children = (
				4C484A951964B7F20017DAD9 /* IDEFoundation.framework */,
				09F65635174041010000486B /* AppKit.framework */,
				09F65637174041010000486B /* Foundation.framework */,
			);
			name = Frameworks;
			sourceTree = "<group>";
		};
		09F65639174041010000486B /* ExtractLocalization */ = {
			isa = PBXGroup;
			children = (
				4C484AA91964B8D60017DAD9 /* Plugin */,
				4C484A971964B8500017DAD9 /* Xcode */,
				09F6563A174041010000486B /* Supporting Files */,
			);
			path = ExtractLocalization;
			sourceTree = "<group>";
		};
		09F6563A174041010000486B /* Supporting Files */ = {
			isa = PBXGroup;
			children = (
				09F6563B174041010000486B /* ExtractLocalization-Info.plist */,
				09EC581717E3B6E1002261C4 /* icon.icns */,
				09F6563C174041010000486B /* InfoPlist.strings */,
				09F65642174041010000486B /* ExtractLocalization-Prefix.pch */,
			);
			name = "Supporting Files";
			sourceTree = "<group>";
		};
		4C484A971964B8500017DAD9 /* Xcode */ = {
			isa = PBXGroup;
			children = (
				4C484A981964B8500017DAD9 /* DVTFilePath.h */,
				4C484A991964B8500017DAD9 /* IDEEditorDocument.h */,
				4C484A9A1964B8500017DAD9 /* IDEIndex+Lin.h */,
				4C484A9B1964B8500017DAD9 /* IDEIndex+Lin.m */,
				4C484A9C1964B8500017DAD9 /* IDEIndex.h */,
				4C484A9D1964B8500017DAD9 /* IDEIndexCollection.h */,
				4C484A9E1964B8500017DAD9 /* IDEWorkspace+Lin.h */,
				4C484A9F1964B8500017DAD9 /* IDEWorkspace+Lin.m */,
				4C484AA01964B8500017DAD9 /* IDEWorkspace.h */,
				4C484AA11964B8500017DAD9 /* MethodSwizzle.h */,
				4C484AA21964B8500017DAD9 /* MethodSwizzle.m */,
				4C484AA31964B8500017DAD9 /* RCXcode.h */,
				4C484AA41964B8500017DAD9 /* RCXcode.m */,
			);
			path = Xcode;
			sourceTree = "<group>";
		};
		4C484AA91964B8D60017DAD9 /* Plugin */ = {
			isa = PBXGroup;
			children = (
				4C484AAA1964B8D60017DAD9 /* Controllers */,
				4C484AAD1964B8D60017DAD9 /* Principal Class */,
				4C484AB01964B8D60017DAD9 /* Views */,
			);
			path = Plugin;
			sourceTree = "<group>";
		};
		4C484AAA1964B8D60017DAD9 /* Controllers */ = {
			isa = PBXGroup;
			children = (
				4C484AAB1964B8D60017DAD9 /* ExtractLocalizationWindowController.h */,
				4C484AAC1964B8D60017DAD9 /* ExtractLocalizationWindowController.m */,
			);
			path = Controllers;
			sourceTree = "<group>";
		};
		4C484AAD1964B8D60017DAD9 /* Principal Class */ = {
			isa = PBXGroup;
			children = (
				4C484AAE1964B8D60017DAD9 /* ExtractLocalization.h */,
				4C484AAF1964B8D60017DAD9 /* ExtractLocalization.m */,
			);
			path = "Principal Class";
			sourceTree = "<group>";
		};
		4C484AB01964B8D60017DAD9 /* Views */ = {
			isa = PBXGroup;
			children = (
				4C484AB11964B8D60017DAD9 /* ExtractLocalizationWindowController.xib */,
			);
			path = Views;
			sourceTree = "<group>";
		};
/* End PBXGroup section */

/* Begin PBXNativeTarget section */
		09F65631174041010000486B /* ExtractLocalization */ = {
			isa = PBXNativeTarget;
			buildConfigurationList = 09F65645174041010000486B /* Build configuration list for PBXNativeTarget "ExtractLocalization" */;
			buildPhases = (
				09F6562E174041010000486B /* Sources */,
				09F6562F174041010000486B /* Frameworks */,
				09F65630174041010000486B /* Resources */,
			);
			buildRules = (
			);
			dependencies = (
			);
			name = ExtractLocalization;
			productName = ExtractLocalization;
			productReference = 09F65632174041010000486B /* ExtractLocalization.xcplugin */;
			productType = "com.apple.product-type.bundle";
		};
/* End PBXNativeTarget section */

/* Begin PBXProject section */
		09F6562A174041010000486B /* Project object */ = {
			isa = PBXProject;
			attributes = {
				LastUpgradeCheck = 0460;
				ORGANIZATIONNAME = viniciusmo;
			};
			buildConfigurationList = 09F6562D174041010000486B /* Build configuration list for PBXProject "ExtractLocalization" */;
			compatibilityVersion = "Xcode 3.2";
			developmentRegion = English;
			hasScannedForEncodings = 0;
			knownRegions = (
				en,
			);
			mainGroup = 09F65629174041010000486B;
			productRefGroup = 09F65633174041010000486B /* Products */;
			projectDirPath = "";
			projectRoot = "";
			targets = (
				09F65631174041010000486B /* ExtractLocalization */,
			);
		};
/* End PBXProject section */

/* Begin PBXResourcesBuildPhase section */
		09F65630174041010000486B /* Resources */ = {
			isa = PBXResourcesBuildPhase;
			buildActionMask = 2147483647;
			files = (
				09F6563E174041010000486B /* InfoPlist.strings in Resources */,
				4C484AB41964B8D60017DAD9 /* ExtractLocalizationWindowController.xib in Resources */,
				09EC581817E3B6E1002261C4 /* icon.icns in Resources */,
			);
			runOnlyForDeploymentPostprocessing = 0;
		};
/* End PBXResourcesBuildPhase section */

/* Begin PBXSourcesBuildPhase section */
		09F6562E174041010000486B /* Sources */ = {
			isa = PBXSourcesBuildPhase;
			buildActionMask = 2147483647;
			files = (
				4C484AB21964B8D60017DAD9 /* ExtractLocalizationWindowController.m in Sources */,
				4C484AA81964B8500017DAD9 /* RCXcode.m in Sources */,
				4C484AA71964B8500017DAD9 /* MethodSwizzle.m in Sources */,
				4C484AA61964B8500017DAD9 /* IDEWorkspace+Lin.m in Sources */,
				4C484AB31964B8D60017DAD9 /* ExtractLocalization.m in Sources */,
				4C484AA51964B8500017DAD9 /* IDEIndex+Lin.m in Sources */,
			);
			runOnlyForDeploymentPostprocessing = 0;
		};
/* End PBXSourcesBuildPhase section */

/* Begin PBXVariantGroup section */
		09F6563C174041010000486B /* InfoPlist.strings */ = {
			isa = PBXVariantGroup;
			children = (
				09F6563D174041010000486B /* en */,
			);
			name = InfoPlist.strings;
			sourceTree = "<group>";
		};
/* End PBXVariantGroup section */

/* Begin XCBuildConfiguration section */
		09F65643174041010000486B /* Debug */ = {
			isa = XCBuildConfiguration;
			buildSettings = {
				ALWAYS_SEARCH_USER_PATHS = NO;
				ARCHS = "$(ARCHS_STANDARD_64_BIT)";
				CLANG_CXX_LANGUAGE_STANDARD = "gnu++0x";
				CLANG_CXX_LIBRARY = "libc++";
				CLANG_WARN_CONSTANT_CONVERSION = YES;
				CLANG_WARN_EMPTY_BODY = YES;
				CLANG_WARN_ENUM_CONVERSION = YES;
				CLANG_WARN_INT_CONVERSION = YES;
				CLANG_WARN__DUPLICATE_METHOD_MATCH = YES;
				COPY_PHASE_STRIP = NO;
				GCC_C_LANGUAGE_STANDARD = gnu99;
				GCC_DYNAMIC_NO_PIC = NO;
				GCC_ENABLE_OBJC_EXCEPTIONS = YES;
				GCC_OPTIMIZATION_LEVEL = 0;
				GCC_PREPROCESSOR_DEFINITIONS = (
					"DEBUG=1",
					"$(inherited)",
				);
				GCC_SYMBOLS_PRIVATE_EXTERN = NO;
				GCC_WARN_64_TO_32_BIT_CONVERSION = YES;
				GCC_WARN_ABOUT_RETURN_TYPE = YES;
				GCC_WARN_UNINITIALIZED_AUTOS = YES;
				GCC_WARN_UNUSED_VARIABLE = YES;
				MACOSX_DEPLOYMENT_TARGET = 10.8;
				ONLY_ACTIVE_ARCH = YES;
				SDKROOT = macosx;
			};
			name = Debug;
		};
		09F65644174041010000486B /* Release */ = {
			isa = XCBuildConfiguration;
			buildSettings = {
				ALWAYS_SEARCH_USER_PATHS = NO;
				ARCHS = "$(ARCHS_STANDARD_64_BIT)";
				CLANG_CXX_LANGUAGE_STANDARD = "gnu++0x";
				CLANG_CXX_LIBRARY = "libc++";
				CLANG_WARN_CONSTANT_CONVERSION = YES;
				CLANG_WARN_EMPTY_BODY = YES;
				CLANG_WARN_ENUM_CONVERSION = YES;
				CLANG_WARN_INT_CONVERSION = YES;
				CLANG_WARN__DUPLICATE_METHOD_MATCH = YES;
				COPY_PHASE_STRIP = YES;
				DEBUG_INFORMATION_FORMAT = "dwarf-with-dsym";
				GCC_C_LANGUAGE_STANDARD = gnu99;
				GCC_ENABLE_OBJC_EXCEPTIONS = YES;
				GCC_WARN_64_TO_32_BIT_CONVERSION = YES;
				GCC_WARN_ABOUT_RETURN_TYPE = YES;
				GCC_WARN_UNINITIALIZED_AUTOS = YES;
				GCC_WARN_UNUSED_VARIABLE = YES;
				MACOSX_DEPLOYMENT_TARGET = 10.8;
				SDKROOT = macosx;
			};
			name = Release;
		};
		09F65646174041010000486B /* Debug */ = {
			isa = XCBuildConfiguration;
			buildSettings = {
				CLANG_ENABLE_OBJC_ARC = YES;
				COMBINE_HIDPI_IMAGES = YES;
				DEPLOYMENT_LOCATION = YES;
				DSTROOT = "$(HOME)";
				FRAMEWORK_SEARCH_PATHS = (
					"$(inherited)",
					"$(PROJECT_DIR)",
				);
				GCC_ENABLE_OBJC_GC = unsupported;
				GCC_PRECOMPILE_PREFIX_HEADER = YES;
				GCC_PREFIX_HEADER = "ExtractLocalization/ExtractLocalization-Prefix.pch";
				INFOPLIST_FILE = "ExtractLocalization/ExtractLocalization-Info.plist";
				INSTALL_PATH = "/Library/Application Support/Developer/Shared/Xcode/Plug-ins";
				MACOSX_DEPLOYMENT_TARGET = 10.7;
				PRODUCT_NAME = ExtractLocalization;
				WRAPPER_EXTENSION = xcplugin;
			};
			name = Debug;
		};
		09F65647174041010000486B /* Release */ = {
			isa = XCBuildConfiguration;
			buildSettings = {
				CLANG_ENABLE_OBJC_ARC = YES;
				COMBINE_HIDPI_IMAGES = YES;
				DEPLOYMENT_LOCATION = YES;
				DSTROOT = "$(HOME)";
				FRAMEWORK_SEARCH_PATHS = (
					"$(inherited)",
					"$(PROJECT_DIR)",
				);
				GCC_ENABLE_OBJC_GC = unsupported;
				GCC_PRECOMPILE_PREFIX_HEADER = YES;
				GCC_PREFIX_HEADER = "ExtractLocalization/ExtractLocalization-Prefix.pch";
				INFOPLIST_FILE = "ExtractLocalization/ExtractLocalization-Info.plist";
				INSTALL_PATH = "/Library/Application Support/Developer/Shared/Xcode/Plug-ins";
				MACOSX_DEPLOYMENT_TARGET = 10.7;
				PRODUCT_NAME = ExtractLocalization;
				WRAPPER_EXTENSION = xcplugin;
			};
			name = Release;
		};
/* End XCBuildConfiguration section */

/* Begin XCConfigurationList section */
		09F6562D174041010000486B /* Build configuration list for PBXProject "ExtractLocalization" */ = {
			isa = XCConfigurationList;
			buildConfigurations = (
				09F65643174041010000486B /* Debug */,
				09F65644174041010000486B /* Release */,
			);
			defaultConfigurationIsVisible = 0;
			defaultConfigurationName = Release;
		};
		09F65645174041010000486B /* Build configuration list for PBXNativeTarget "ExtractLocalization" */ = {
			isa = XCConfigurationList;
			buildConfigurations = (
				09F65646174041010000486B /* Debug */,
				09F65647174041010000486B /* Release */,
			);
			defaultConfigurationIsVisible = 0;
			defaultConfigurationName = Release;
		};
/* End XCConfigurationList section */
	};
	rootObject = 09F6562A174041010000486B /* Project object */;
}
