// !$*UTF8*$!
{
	archiveVersion = 1;
	classes = {
	};
	objectVersion = 46;
	objects = {

/* Begin PBXBuildFile section */
		4CF4566919A7753700484859 /* Foundation.framework in Frameworks */ = {isa = PBXBuildFile; fileRef = 4CF4566819A7753700484859 /* Foundation.framework */; };
		4CF4566B19A7753700484859 /* CoreGraphics.framework in Frameworks */ = {isa = PBXBuildFile; fileRef = 4CF4566A19A7753700484859 /* CoreGraphics.framework */; };
		4CF4566D19A7753700484859 /* UIKit.framework in Frameworks */ = {isa = PBXBuildFile; fileRef = 4CF4566C19A7753700484859 /* UIKit.framework */; };
		4CF4567319A7753700484859 /* InfoPlist.strings in Resources */ = {isa = PBXBuildFile; fileRef = 4CF4567119A7753700484859 /* InfoPlist.strings */; };
		4CF4567519A7753700484859 /* main.m in Sources */ = {isa = PBXBuildFile; fileRef = 4CF4567419A7753700484859 /* main.m */; };
		4CF4567919A7753700484859 /* DEMOAppDelegate.m in Sources */ = {isa = PBXBuildFile; fileRef = 4CF4567819A7753700484859 /* DEMOAppDelegate.m */; };
		4CF4567C19A7753700484859 /* Main.storyboard in Resources */ = {isa = PBXBuildFile; fileRef = 4CF4567A19A7753700484859 /* Main.storyboard */; };
		4CF4567F19A7753700484859 /* DEMOViewController.m in Sources */ = {isa = PBXBuildFile; fileRef = 4CF4567E19A7753700484859 /* DEMOViewController.m */; };
		4CF4568119A7753700484859 /* Images.xcassets in Resources */ = {isa = PBXBuildFile; fileRef = 4CF4568019A7753700484859 /* Images.xcassets */; };
		4CF4568819A7753700484859 /* XCTest.framework in Frameworks */ = {isa = PBXBuildFile; fileRef = 4CF4568719A7753700484859 /* XCTest.framework */; };
		4CF4568919A7753700484859 /* Foundation.framework in Frameworks */ = {isa = PBXBuildFile; fileRef = 4CF4566819A7753700484859 /* Foundation.framework */; };
		4CF4568A19A7753700484859 /* UIKit.framework in Frameworks */ = {isa = PBXBuildFile; fileRef = 4CF4566C19A7753700484859 /* UIKit.framework */; };
		4CF4569219A7753700484859 /* InfoPlist.strings in Resources */ = {isa = PBXBuildFile; fileRef = 4CF4569019A7753700484859 /* InfoPlist.strings */; };
		4CF4569419A7753700484859 /* DemoTests.m in Sources */ = {isa = PBXBuildFile; fileRef = 4CF4569319A7753700484859 /* DemoTests.m */; };
		4CF4569F19A775B000484859 /* Localizable.strings in Resources */ = {isa = PBXBuildFile; fileRef = 4CF456A119A775B000484859 /* Localizable.strings */; };
/* End PBXBuildFile section */

/* Begin PBXContainerItemProxy section */
		4CF4568B19A7753700484859 /* PBXContainerItemProxy */ = {
			isa = PBXContainerItemProxy;
			containerPortal = 4CF4565D19A7753700484859 /* Project object */;
			proxyType = 1;
			remoteGlobalIDString = 4CF4566419A7753700484859;
			remoteInfo = Demo;
		};
/* End PBXContainerItemProxy section */

/* Begin PBXFileReference section */
		4CF4566519A7753700484859 /* Demo.app */ = {isa = PBXFileReference; explicitFileType = wrapper.application; includeInIndex = 0; path = Demo.app; sourceTree = BUILT_PRODUCTS_DIR; };
		4CF4566819A7753700484859 /* Foundation.framework */ = {isa = PBXFileReference; lastKnownFileType = wrapper.framework; name = Foundation.framework; path = System/Library/Frameworks/Foundation.framework; sourceTree = SDKROOT; };
		4CF4566A19A7753700484859 /* CoreGraphics.framework */ = {isa = PBXFileReference; lastKnownFileType = wrapper.framework; name = CoreGraphics.framework; path = System/Library/Frameworks/CoreGraphics.framework; sourceTree = SDKROOT; };
		4CF4566C19A7753700484859 /* UIKit.framework */ = {isa = PBXFileReference; lastKnownFileType = wrapper.framework; name = UIKit.framework; path = System/Library/Frameworks/UIKit.framework; sourceTree = SDKROOT; };
		4CF4567019A7753700484859 /* Demo-Info.plist */ = {isa = PBXFileReference; lastKnownFileType = text.plist.xml; path = "Demo-Info.plist"; sourceTree = "<group>"; };
		4CF4567219A7753700484859 /* en */ = {isa = PBXFileReference; lastKnownFileType = text.plist.strings; name = en; path = en.lproj/InfoPlist.strings; sourceTree = "<group>"; };
		4CF4567419A7753700484859 /* main.m */ = {isa = PBXFileReference; lastKnownFileType = sourcecode.c.objc; path = main.m; sourceTree = "<group>"; };
		4CF4567619A7753700484859 /* Demo-Prefix.pch */ = {isa = PBXFileReference; lastKnownFileType = sourcecode.c.h; path = "Demo-Prefix.pch"; sourceTree = "<group>"; };
		4CF4567719A7753700484859 /* DEMOAppDelegate.h */ = {isa = PBXFileReference; lastKnownFileType = sourcecode.c.h; path = DEMOAppDelegate.h; sourceTree = "<group>"; };
		4CF4567819A7753700484859 /* DEMOAppDelegate.m */ = {isa = PBXFileReference; lastKnownFileType = sourcecode.c.objc; path = DEMOAppDelegate.m; sourceTree = "<group>"; };
		4CF4567B19A7753700484859 /* Base */ = {isa = PBXFileReference; lastKnownFileType = file.storyboard; name = Base; path = Base.lproj/Main.storyboard; sourceTree = "<group>"; };
		4CF4567D19A7753700484859 /* DEMOViewController.h */ = {isa = PBXFileReference; lastKnownFileType = sourcecode.c.h; path = DEMOViewController.h; sourceTree = "<group>"; };
		4CF4567E19A7753700484859 /* DEMOViewController.m */ = {isa = PBXFileReference; lastKnownFileType = sourcecode.c.objc; path = DEMOViewController.m; sourceTree = "<group>"; };
		4CF4568019A7753700484859 /* Images.xcassets */ = {isa = PBXFileReference; lastKnownFileType = folder.assetcatalog; path = Images.xcassets; sourceTree = "<group>"; };
		4CF4568619A7753700484859 /* DemoTests.xctest */ = {isa = PBXFileReference; explicitFileType = wrapper.cfbundle; includeInIndex = 0; path = DemoTests.xctest; sourceTree = BUILT_PRODUCTS_DIR; };
		4CF4568719A7753700484859 /* XCTest.framework */ = {isa = PBXFileReference; lastKnownFileType = wrapper.framework; name = XCTest.framework; path = Library/Frameworks/XCTest.framework; sourceTree = DEVELOPER_DIR; };
		4CF4568F19A7753700484859 /* DemoTests-Info.plist */ = {isa = PBXFileReference; lastKnownFileType = text.plist.xml; path = "DemoTests-Info.plist"; sourceTree = "<group>"; };
		4CF4569119A7753700484859 /* en */ = {isa = PBXFileReference; lastKnownFileType = text.plist.strings; name = en; path = en.lproj/InfoPlist.strings; sourceTree = "<group>"; };
		4CF4569319A7753700484859 /* DemoTests.m */ = {isa = PBXFileReference; lastKnownFileType = sourcecode.c.objc; path = DemoTests.m; sourceTree = "<group>"; };
		4CF456A019A775B000484859 /* Base */ = {isa = PBXFileReference; lastKnownFileType = text.plist.strings; name = Base; path = Base.lproj/Localizable.strings; sourceTree = "<group>"; };
		4CF456A219A775C700484859 /* en */ = {isa = PBXFileReference; lastKnownFileType = text.plist.strings; name = en; path = en.lproj/Localizable.strings; sourceTree = "<group>"; };
/* End PBXFileReference section */

/* Begin PBXFrameworksBuildPhase section */
		4CF4566219A7753700484859 /* Frameworks */ = {
			isa = PBXFrameworksBuildPhase;
			buildActionMask = 2147483647;
			files = (
				4CF4566B19A7753700484859 /* CoreGraphics.framework in Frameworks */,
				4CF4566D19A7753700484859 /* UIKit.framework in Frameworks */,
				4CF4566919A7753700484859 /* Foundation.framework in Frameworks */,
			);
			runOnlyForDeploymentPostprocessing = 0;
		};
		4CF4568319A7753700484859 /* Frameworks */ = {
			isa = PBXFrameworksBuildPhase;
			buildActionMask = 2147483647;
			files = (
				4CF4568819A7753700484859 /* XCTest.framework in Frameworks */,
				4CF4568A19A7753700484859 /* UIKit.framework in Frameworks */,
				4CF4568919A7753700484859 /* Foundation.framework in Frameworks */,
			);
			runOnlyForDeploymentPostprocessing = 0;
		};
/* End PBXFrameworksBuildPhase section */

/* Begin PBXGroup section */
		4CF4565C19A7753700484859 = {
			isa = PBXGroup;
			children = (
				4CF4566E19A7753700484859 /* Demo */,
				4CF4568D19A7753700484859 /* DemoTests */,
				4CF4566719A7753700484859 /* Frameworks */,
				4CF4566619A7753700484859 /* Products */,
			);
			sourceTree = "<group>";
		};
		4CF4566619A7753700484859 /* Products */ = {
			isa = PBXGroup;
			children = (
				4CF4566519A7753700484859 /* Demo.app */,
				4CF4568619A7753700484859 /* DemoTests.xctest */,
			);
			name = Products;
			sourceTree = "<group>";
		};
		4CF4566719A7753700484859 /* Frameworks */ = {
			isa = PBXGroup;
			children = (
				4CF4566819A7753700484859 /* Foundation.framework */,
				4CF4566A19A7753700484859 /* CoreGraphics.framework */,
				4CF4566C19A7753700484859 /* UIKit.framework */,
				4CF4568719A7753700484859 /* XCTest.framework */,
			);
			name = Frameworks;
			sourceTree = "<group>";
		};
		4CF4566E19A7753700484859 /* Demo */ = {
			isa = PBXGroup;
			children = (
				4CF4567719A7753700484859 /* DEMOAppDelegate.h */,
				4CF4567819A7753700484859 /* DEMOAppDelegate.m */,
				4CF4567A19A7753700484859 /* Main.storyboard */,
				4CF4567D19A7753700484859 /* DEMOViewController.h */,
				4CF4567E19A7753700484859 /* DEMOViewController.m */,
				4CF456A119A775B000484859 /* Localizable.strings */,
				4CF4568019A7753700484859 /* Images.xcassets */,
				4CF4566F19A7753700484859 /* Supporting Files */,
			);
			path = Demo;
			sourceTree = "<group>";
		};
		4CF4566F19A7753700484859 /* Supporting Files */ = {
			isa = PBXGroup;
			children = (
				4CF4567019A7753700484859 /* Demo-Info.plist */,
				4CF4567119A7753700484859 /* InfoPlist.strings */,
				4CF4567419A7753700484859 /* main.m */,
				4CF4567619A7753700484859 /* Demo-Prefix.pch */,
			);
			name = "Supporting Files";
			sourceTree = "<group>";
		};
		4CF4568D19A7753700484859 /* DemoTests */ = {
			isa = PBXGroup;
			children = (
				4CF4569319A7753700484859 /* DemoTests.m */,
				4CF4568E19A7753700484859 /* Supporting Files */,
			);
			path = DemoTests;
			sourceTree = "<group>";
		};
		4CF4568E19A7753700484859 /* Supporting Files */ = {
			isa = PBXGroup;
			children = (
				4CF4568F19A7753700484859 /* DemoTests-Info.plist */,
				4CF4569019A7753700484859 /* InfoPlist.strings */,
			);
			name = "Supporting Files";
			sourceTree = "<group>";
		};
/* End PBXGroup section */

/* Begin PBXNativeTarget section */
		4CF4566419A7753700484859 /* Demo */ = {
			isa = PBXNativeTarget;
			buildConfigurationList = 4CF4569719A7753700484859 /* Build configuration list for PBXNativeTarget "Demo" */;
			buildPhases = (
				4CF4566119A7753700484859 /* Sources */,
				4CF4566219A7753700484859 /* Frameworks */,
				4CF4566319A7753700484859 /* Resources */,
			);
			buildRules = (
			);
			dependencies = (
			);
			name = Demo;
			productName = Demo;
			productReference = 4CF4566519A7753700484859 /* Demo.app */;
			productType = "com.apple.product-type.application";
		};
		4CF4568519A7753700484859 /* DemoTests */ = {
			isa = PBXNativeTarget;
			buildConfigurationList = 4CF4569A19A7753700484859 /* Build configuration list for PBXNativeTarget "DemoTests" */;
			buildPhases = (
				4CF4568219A7753700484859 /* Sources */,
				4CF4568319A7753700484859 /* Frameworks */,
				4CF4568419A7753700484859 /* Resources */,
			);
			buildRules = (
			);
			dependencies = (
				4CF4568C19A7753700484859 /* PBXTargetDependency */,
			);
			name = DemoTests;
			productName = DemoTests;
			productReference = 4CF4568619A7753700484859 /* DemoTests.xctest */;
			productType = "com.apple.product-type.bundle.unit-test";
		};
/* End PBXNativeTarget section */

/* Begin PBXProject section */
		4CF4565D19A7753700484859 /* Project object */ = {
			isa = PBXProject;
			attributes = {
				CLASSPREFIX = DEMO;
				LastUpgradeCheck = 0510;
				ORGANIZATIONNAME = viniciusmo;
				TargetAttributes = {
					4CF4568519A7753700484859 = {
						TestTargetID = 4CF4566419A7753700484859;
					};
				};
			};
			buildConfigurationList = 4CF4566019A7753700484859 /* Build configuration list for PBXProject "Demo" */;
			compatibilityVersion = "Xcode 3.2";
			developmentRegion = English;
			hasScannedForEncodings = 0;
			knownRegions = (
				en,
				Base,
			);
			mainGroup = 4CF4565C19A7753700484859;
			productRefGroup = 4CF4566619A7753700484859 /* Products */;
			projectDirPath = "";
			projectRoot = "";
			targets = (
				4CF4566419A7753700484859 /* Demo */,
				4CF4568519A7753700484859 /* DemoTests */,
			);
		};
/* End PBXProject section */

/* Begin PBXResourcesBuildPhase section */
		4CF4566319A7753700484859 /* Resources */ = {
			isa = PBXResourcesBuildPhase;
			buildActionMask = 2147483647;
			files = (
				4CF4568119A7753700484859 /* Images.xcassets in Resources */,
				4CF4569F19A775B000484859 /* Localizable.strings in Resources */,
				4CF4567319A7753700484859 /* InfoPlist.strings in Resources */,
				4CF4567C19A7753700484859 /* Main.storyboard in Resources */,
			);
			runOnlyForDeploymentPostprocessing = 0;
		};
		4CF4568419A7753700484859 /* Resources */ = {
			isa = PBXResourcesBuildPhase;
			buildActionMask = 2147483647;
			files = (
				4CF4569219A7753700484859 /* InfoPlist.strings in Resources */,
			);
			runOnlyForDeploymentPostprocessing = 0;
		};
/* End PBXResourcesBuildPhase section */

/* Begin PBXSourcesBuildPhase section */
		4CF4566119A7753700484859 /* Sources */ = {
			isa = PBXSourcesBuildPhase;
			buildActionMask = 2147483647;
			files = (
				4CF4567519A7753700484859 /* main.m in Sources */,
				4CF4567F19A7753700484859 /* DEMOViewController.m in Sources */,
				4CF4567919A7753700484859 /* DEMOAppDelegate.m in Sources */,
			);
			runOnlyForDeploymentPostprocessing = 0;
		};
		4CF4568219A7753700484859 /* Sources */ = {
			isa = PBXSourcesBuildPhase;
			buildActionMask = 2147483647;
			files = (
				4CF4569419A7753700484859 /* DemoTests.m in Sources */,
			);
			runOnlyForDeploymentPostprocessing = 0;
		};
/* End PBXSourcesBuildPhase section */

/* Begin PBXTargetDependency section */
		4CF4568C19A7753700484859 /* PBXTargetDependency */ = {
			isa = PBXTargetDependency;
			target = 4CF4566419A7753700484859 /* Demo */;
			targetProxy = 4CF4568B19A7753700484859 /* PBXContainerItemProxy */;
		};
/* End PBXTargetDependency section */

/* Begin PBXVariantGroup section */
		4CF4567119A7753700484859 /* InfoPlist.strings */ = {
			isa = PBXVariantGroup;
			children = (
				4CF4567219A7753700484859 /* en */,
			);
			name = InfoPlist.strings;
			sourceTree = "<group>";
		};
		4CF4567A19A7753700484859 /* Main.storyboard */ = {
			isa = PBXVariantGroup;
			children = (
				4CF4567B19A7753700484859 /* Base */,
			);
			name = Main.storyboard;
			sourceTree = "<group>";
		};
		4CF4569019A7753700484859 /* InfoPlist.strings */ = {
			isa = PBXVariantGroup;
			children = (
				4CF4569119A7753700484859 /* en */,
			);
			name = InfoPlist.strings;
			sourceTree = "<group>";
		};
		4CF456A119A775B000484859 /* Localizable.strings */ = {
			isa = PBXVariantGroup;
			children = (
				4CF456A019A775B000484859 /* Base */,
				4CF456A219A775C700484859 /* en */,
			);
			name = Localizable.strings;
			sourceTree = "<group>";
		};
/* End PBXVariantGroup section */

/* Begin XCBuildConfiguration section */
		4CF4569519A7753700484859 /* Debug */ = {
			isa = XCBuildConfiguration;
			buildSettings = {
				ALWAYS_SEARCH_USER_PATHS = NO;
				CLANG_CXX_LANGUAGE_STANDARD = "gnu++0x";
				CLANG_CXX_LIBRARY = "libc++";
				CLANG_ENABLE_MODULES = YES;
				CLANG_ENABLE_OBJC_ARC = YES;
				CLANG_WARN_BOOL_CONVERSION = YES;
				CLANG_WARN_CONSTANT_CONVERSION = YES;
				CLANG_WARN_DIRECT_OBJC_ISA_USAGE = YES_ERROR;
				CLANG_WARN_EMPTY_BODY = YES;
				CLANG_WARN_ENUM_CONVERSION = YES;
				CLANG_WARN_INT_CONVERSION = YES;
				CLANG_WARN_OBJC_ROOT_CLASS = YES_ERROR;
				CLANG_WARN__DUPLICATE_METHOD_MATCH = YES;
				"CODE_SIGN_IDENTITY[sdk=iphoneos*]" = "iPhone Developer";
				COPY_PHASE_STRIP = NO;
				GCC_C_LANGUAGE_STANDARD = gnu99;
				GCC_DYNAMIC_NO_PIC = NO;
				GCC_OPTIMIZATION_LEVEL = 0;
				GCC_PREPROCESSOR_DEFINITIONS = (
					"DEBUG=1",
					"$(inherited)",
				);
				GCC_SYMBOLS_PRIVATE_EXTERN = NO;
				GCC_WARN_64_TO_32_BIT_CONVERSION = YES;
				GCC_WARN_ABOUT_RETURN_TYPE = YES_ERROR;
				GCC_WARN_UNDECLARED_SELECTOR = YES;
				GCC_WARN_UNINITIALIZED_AUTOS = YES_AGGRESSIVE;
				GCC_WARN_UNUSED_FUNCTION = YES;
				GCC_WARN_UNUSED_VARIABLE = YES;
				IPHONEOS_DEPLOYMENT_TARGET = 7.1;
				ONLY_ACTIVE_ARCH = YES;
				SDKROOT = iphoneos;
			};
			name = Debug;
		};
		4CF4569619A7753700484859 /* Release */ = {
			isa = XCBuildConfiguration;
			buildSettings = {
				ALWAYS_SEARCH_USER_PATHS = NO;
				CLANG_CXX_LANGUAGE_STANDARD = "gnu++0x";
				CLANG_CXX_LIBRARY = "libc++";
				CLANG_ENABLE_MODULES = YES;
				CLANG_ENABLE_OBJC_ARC = YES;
				CLANG_WARN_BOOL_CONVERSION = YES;
				CLANG_WARN_CONSTANT_CONVERSION = YES;
				CLANG_WARN_DIRECT_OBJC_ISA_USAGE = YES_ERROR;
				CLANG_WARN_EMPTY_BODY = YES;
				CLANG_WARN_ENUM_CONVERSION = YES;
				CLANG_WARN_INT_CONVERSION = YES;
				CLANG_WARN_OBJC_ROOT_CLASS = YES_ERROR;
				CLANG_WARN__DUPLICATE_METHOD_MATCH = YES;
				"CODE_SIGN_IDENTITY[sdk=iphoneos*]" = "iPhone Developer";
				COPY_PHASE_STRIP = YES;
				ENABLE_NS_ASSERTIONS = NO;
				GCC_C_LANGUAGE_STANDARD = gnu99;
				GCC_WARN_64_TO_32_BIT_CONVERSION = YES;
				GCC_WARN_ABOUT_RETURN_TYPE = YES_ERROR;
				GCC_WARN_UNDECLARED_SELECTOR = YES;
				GCC_WARN_UNINITIALIZED_AUTOS = YES_AGGRESSIVE;
				GCC_WARN_UNUSED_FUNCTION = YES;
				GCC_WARN_UNUSED_VARIABLE = YES;
				IPHONEOS_DEPLOYMENT_TARGET = 7.1;
				SDKROOT = iphoneos;
				VALIDATE_PRODUCT = YES;
			};
			name = Release;
		};
		4CF4569819A7753700484859 /* Debug */ = {
			isa = XCBuildConfiguration;
			buildSettings = {
				ASSETCATALOG_COMPILER_APPICON_NAME = AppIcon;
				ASSETCATALOG_COMPILER_LAUNCHIMAGE_NAME = LaunchImage;
				GCC_PRECOMPILE_PREFIX_HEADER = YES;
				GCC_PREFIX_HEADER = "Demo/Demo-Prefix.pch";
				INFOPLIST_FILE = "Demo/Demo-Info.plist";
				PRODUCT_NAME = "$(TARGET_NAME)";
				WRAPPER_EXTENSION = app;
			};
			name = Debug;
		};
		4CF4569919A7753700484859 /* Release */ = {
			isa = XCBuildConfiguration;
			buildSettings = {
				ASSETCATALOG_COMPILER_APPICON_NAME = AppIcon;
				ASSETCATALOG_COMPILER_LAUNCHIMAGE_NAME = LaunchImage;
				GCC_PRECOMPILE_PREFIX_HEADER = YES;
				GCC_PREFIX_HEADER = "Demo/Demo-Prefix.pch";
				INFOPLIST_FILE = "Demo/Demo-Info.plist";
				PRODUCT_NAME = "$(TARGET_NAME)";
				WRAPPER_EXTENSION = app;
			};
			name = Release;
		};
		4CF4569B19A7753700484859 /* Debug */ = {
			isa = XCBuildConfiguration;
			buildSettings = {
				BUNDLE_LOADER = "$(BUILT_PRODUCTS_DIR)/Demo.app/Demo";
				FRAMEWORK_SEARCH_PATHS = (
					"$(SDKROOT)/Developer/Library/Frameworks",
					"$(inherited)",
					"$(DEVELOPER_FRAMEWORKS_DIR)",
				);
				GCC_PRECOMPILE_PREFIX_HEADER = YES;
				GCC_PREFIX_HEADER = "Demo/Demo-Prefix.pch";
				GCC_PREPROCESSOR_DEFINITIONS = (
					"DEBUG=1",
					"$(inherited)",
				);
				INFOPLIST_FILE = "DemoTests/DemoTests-Info.plist";
				PRODUCT_NAME = "$(TARGET_NAME)";
				TEST_HOST = "$(BUNDLE_LOADER)";
				WRAPPER_EXTENSION = xctest;
			};
			name = Debug;
		};
		4CF4569C19A7753700484859 /* Release */ = {
			isa = XCBuildConfiguration;
			buildSettings = {
				BUNDLE_LOADER = "$(BUILT_PRODUCTS_DIR)/Demo.app/Demo";
				FRAMEWORK_SEARCH_PATHS = (
					"$(SDKROOT)/Developer/Library/Frameworks",
					"$(inherited)",
					"$(DEVELOPER_FRAMEWORKS_DIR)",
				);
				GCC_PRECOMPILE_PREFIX_HEADER = YES;
				GCC_PREFIX_HEADER = "Demo/Demo-Prefix.pch";
				INFOPLIST_FILE = "DemoTests/DemoTests-Info.plist";
				PRODUCT_NAME = "$(TARGET_NAME)";
				TEST_HOST = "$(BUNDLE_LOADER)";
				WRAPPER_EXTENSION = xctest;
			};
			name = Release;
		};
/* End XCBuildConfiguration section */

/* Begin XCConfigurationList section */
		4CF4566019A7753700484859 /* Build configuration list for PBXProject "Demo" */ = {
			isa = XCConfigurationList;
			buildConfigurations = (
				4CF4569519A7753700484859 /* Debug */,
				4CF4569619A7753700484859 /* Release */,
			);
			defaultConfigurationIsVisible = 0;
			defaultConfigurationName = Release;
		};
		4CF4569719A7753700484859 /* Build configuration list for PBXNativeTarget "Demo" */ = {
			isa = XCConfigurationList;
			buildConfigurations = (
				4CF4569819A7753700484859 /* Debug */,
				4CF4569919A7753700484859 /* Release */,
			);
			defaultConfigurationIsVisible = 0;
		};
		4CF4569A19A7753700484859 /* Build configuration list for PBXNativeTarget "DemoTests" */ = {
			isa = XCConfigurationList;
			buildConfigurations = (
				4CF4569B19A7753700484859 /* Debug */,
				4CF4569C19A7753700484859 /* Release */,
			);
			defaultConfigurationIsVisible = 0;
		};
/* End XCConfigurationList section */
	};
	rootObject = 4CF4565D19A7753700484859 /* Project object */;
}
